
Microsoft Visual Studio Solution File, Format Version 12.00
# Visual Studio Version 17
VisualStudioVersion = 17.4.33205.214
MinimumVisualStudioVersion = 10.0.40219.1
Project("{FAE04EC0-301F-11D3-BF4B-00C04F79EFBC}") = "cs08", "cs08\cs08.csproj", "{737F2026-AABA-4B10-AB81-92F087EF456B}"
EndProject
Global
	GlobalSection(SolutionConfigurationPlatforms) = preSolution
		Debug|Any CPU = Debug|Any CPU
		Release|Any CPU = Release|Any CPU
	EndGlobalSection
	GlobalSection(ProjectConfigurationPlatforms) = postSolution
		{737F2026-AABA-4B10-AB81-92F087EF456B}.Debug|Any CPU.ActiveCfg = Debug|Any CPU
		{737F2026-AABA-4B10-AB81-92F087EF456B}.Debug|Any CPU.Build.0 = Debug|Any CPU
		{737F2026-AABA-4B10-AB81-92F087EF456B}.Release|Any CPU.ActiveCfg = Release|Any CPU
		{737F2026-AABA-4B10-AB81-92F087EF456B}.Release|Any CPU.Build.0 = Release|Any CPU
	EndGlobalSection
	GlobalSection(SolutionProperties) = preSolution
		HideSolutionNode = FALSE
	EndGlobalSection
	GlobalSection(ExtensibilityGlobals) = postSolution
		SolutionGuid = {B46C2C43-3B62-4646-B26F-7159146F856E}
	EndGlobalSection
EndGlobal
